
Microsoft Visual Studio Solution File, Format Version 12.00
# Visual Studio 2012
Project("{FAE04EC0-301F-11D3-BF4B-00C04F79EFBC}") = "Oclc.ArticleExchange", "Oclc.ArticleExchange\Oclc.ArticleExchange.csproj", "{0DB8E4C9-89FF-40F7-83D4-84A1E0F31D90}"
EndProject
Project("{FAE04EC0-301F-11D3-BF4B-00C04F79EFBC}") = "ArticleExchangeTest", "ArticleExchangeTest\ArticleExchangeTest.csproj", "{89C5B4D9-687D-441A-9E28-2CD10D1EFE07}"
EndProject
Global
	GlobalSection(SolutionConfigurationPlatforms) = preSolution
		Debug|Any CPU = Debug|Any CPU
		Release|Any CPU = Release|Any CPU
	EndGlobalSection
	GlobalSection(ProjectConfigurationPlatforms) = postSolution
		{0DB8E4C9-89FF-40F7-83D4-84A1E0F31D90}.Debug|Any CPU.ActiveCfg = Debug|Any CPU
		{0DB8E4C9-89FF-40F7-83D4-84A1E0F31D90}.Debug|Any CPU.Build.0 = Debug|Any CPU
		{0DB8E4C9-89FF-40F7-83D4-84A1E0F31D90}.Release|Any CPU.ActiveCfg = Release|Any CPU
		{0DB8E4C9-89FF-40F7-83D4-84A1E0F31D90}.Release|Any CPU.Build.0 = Release|Any CPU
		{89C5B4D9-687D-441A-9E28-2CD10D1EFE07}.Debug|Any CPU.ActiveCfg = Debug|Any CPU
		{89C5B4D9-687D-441A-9E28-2CD10D1EFE07}.Debug|Any CPU.Build.0 = Debug|Any CPU
		{89C5B4D9-687D-441A-9E28-2CD10D1EFE07}.Release|Any CPU.ActiveCfg = Release|Any CPU
		{89C5B4D9-687D-441A-9E28-2CD10D1EFE07}.Release|Any CPU.Build.0 = Release|Any CPU
	EndGlobalSection
	GlobalSection(SolutionProperties) = preSolution
		HideSolutionNode = FALSE
	EndGlobalSection
EndGlobal
